
Microsoft Visual Studio Solution File, Format Version 12.00
# Visual Studio Version 16
VisualStudioVersion = 16.0.32228.343
MinimumVisualStudioVersion = 10.0.40219.1
Project("{FAE04EC0-301F-11D3-BF4B-00C04F79EFBC}") = "EntityProject", "EntityProject\EntityProject.csproj", "{1DCFF361-ACC2-446E-BCBB-2A0EE73B5B3B}"
EndProject
Project("{FAE04EC0-301F-11D3-BF4B-00C04F79EFBC}") = "Entities", "Entity\Entities.csproj", "{F2D149C5-4533-42C2-9B22-93CC2369CFCE}"
EndProject
Project("{FAE04EC0-301F-11D3-BF4B-00C04F79EFBC}") = "DAL", "DAL\DAL.csproj", "{E2219649-6E97-4CAA-8B34-ED463E2B6D37}"
EndProject
Global
	GlobalSection(SolutionConfigurationPlatforms) = preSolution
		Debug|Any CPU = Debug|Any CPU
		Release|Any CPU = Release|Any CPU
	EndGlobalSection
	GlobalSection(ProjectConfigurationPlatforms) = postSolution
		{1DCFF361-ACC2-446E-BCBB-2A0EE73B5B3B}.Debug|Any CPU.ActiveCfg = Debug|Any CPU
		{1DCFF361-ACC2-446E-BCBB-2A0EE73B5B3B}.Debug|Any CPU.Build.0 = Debug|Any CPU
		{1DCFF361-ACC2-446E-BCBB-2A0EE73B5B3B}.Release|Any CPU.ActiveCfg = Release|Any CPU
		{1DCFF361-ACC2-446E-BCBB-2A0EE73B5B3B}.Release|Any CPU.Build.0 = Release|Any CPU
		{F2D149C5-4533-42C2-9B22-93CC2369CFCE}.Debug|Any CPU.ActiveCfg = Debug|Any CPU
		{F2D149C5-4533-42C2-9B22-93CC2369CFCE}.Debug|Any CPU.Build.0 = Debug|Any CPU
		{F2D149C5-4533-42C2-9B22-93CC2369CFCE}.Release|Any CPU.ActiveCfg = Release|Any CPU
		{F2D149C5-4533-42C2-9B22-93CC2369CFCE}.Release|Any CPU.Build.0 = Release|Any CPU
		{E2219649-6E97-4CAA-8B34-ED463E2B6D37}.Debug|Any CPU.ActiveCfg = Debug|Any CPU
		{E2219649-6E97-4CAA-8B34-ED463E2B6D37}.Debug|Any CPU.Build.0 = Debug|Any CPU
		{E2219649-6E97-4CAA-8B34-ED463E2B6D37}.Release|Any CPU.ActiveCfg = Release|Any CPU
		{E2219649-6E97-4CAA-8B34-ED463E2B6D37}.Release|Any CPU.Build.0 = Release|Any CPU
	EndGlobalSection
	GlobalSection(SolutionProperties) = preSolution
		HideSolutionNode = FALSE
	EndGlobalSection
	GlobalSection(ExtensibilityGlobals) = postSolution
		SolutionGuid = {3F34389F-680A-4A64-929E-BAD321ACC2B3}
	EndGlobalSection
EndGlobal
